
Microsoft Visual Studio Solution File, Format Version 12.00
# Visual Studio Version 17
VisualStudioVersion = 17.0.31423.177
MinimumVisualStudioVersion = 10.0.40219.1
Project("{FAE04EC0-301F-11D3-BF4B-00C04F79EFBC}") = "W2021.NoExpirationDate", "W2021.NoExpirationDate.csproj", "{548F814C-154D-4971-8F0F-13FD152D4E9D}"
EndProject
Project("{9A19103F-16F7-4668-BE54-9A1E7A4F7556}") = "W2021.Helpers", "..\W2021.Helpers\W2021.Helpers.csproj", "{10F59600-1510-4A08-9605-E5A53F5E41DF}"
EndProject
Global
	GlobalSection(SolutionConfigurationPlatforms) = preSolution
		Debug|Any CPU = Debug|Any CPU
		Release|Any CPU = Release|Any CPU
	EndGlobalSection
	GlobalSection(ProjectConfigurationPlatforms) = postSolution
		{548F814C-154D-4971-8F0F-13FD152D4E9D}.Debug|Any CPU.ActiveCfg = Debug|Any CPU
		{548F814C-154D-4971-8F0F-13FD152D4E9D}.Debug|Any CPU.Build.0 = Debug|Any CPU
		{548F814C-154D-4971-8F0F-13FD152D4E9D}.Release|Any CPU.ActiveCfg = Release|Any CPU
		{548F814C-154D-4971-8F0F-13FD152D4E9D}.Release|Any CPU.Build.0 = Release|Any CPU
		{10F59600-1510-4A08-9605-E5A53F5E41DF}.Debug|Any CPU.ActiveCfg = Debug|Any CPU
		{10F59600-1510-4A08-9605-E5A53F5E41DF}.Debug|Any CPU.Build.0 = Debug|Any CPU
		{10F59600-1510-4A08-9605-E5A53F5E41DF}.Release|Any CPU.ActiveCfg = Release|Any CPU
		{10F59600-1510-4A08-9605-E5A53F5E41DF}.Release|Any CPU.Build.0 = Release|Any CPU
	EndGlobalSection
	GlobalSection(SolutionProperties) = preSolution
		HideSolutionNode = FALSE
	EndGlobalSection
	GlobalSection(ExtensibilityGlobals) = postSolution
		SolutionGuid = {D9D09C54-7920-4A69-A87E-BA5E984E7FC4}
	EndGlobalSection
EndGlobal
