
Microsoft Visual Studio Solution File, Format Version 12.00
# Visual Studio Version 17
VisualStudioVersion = 17.0.31423.177
MinimumVisualStudioVersion = 10.0.40219.1
Project("{FAE04EC0-301F-11D3-BF4B-00C04F79EFBC}") = "W2021.WasNotAwarded", "W2021.WasNotAwarded.csproj", "{946E804A-2AE1-4B05-926A-1AEB07FB2A97}"
EndProject
Project("{9A19103F-16F7-4668-BE54-9A1E7A4F7556}") = "W2021.Helpers", "..\W2021.Helpers\W2021.Helpers.csproj", "{997B8199-1F63-4EDA-BF75-C941CF7E5A0D}"
EndProject
Global
	GlobalSection(SolutionConfigurationPlatforms) = preSolution
		Debug|Any CPU = Debug|Any CPU
		Release|Any CPU = Release|Any CPU
	EndGlobalSection
	GlobalSection(ProjectConfigurationPlatforms) = postSolution
		{946E804A-2AE1-4B05-926A-1AEB07FB2A97}.Debug|Any CPU.ActiveCfg = Debug|Any CPU
		{946E804A-2AE1-4B05-926A-1AEB07FB2A97}.Debug|Any CPU.Build.0 = Debug|Any CPU
		{946E804A-2AE1-4B05-926A-1AEB07FB2A97}.Release|Any CPU.ActiveCfg = Release|Any CPU
		{946E804A-2AE1-4B05-926A-1AEB07FB2A97}.Release|Any CPU.Build.0 = Release|Any CPU
		{997B8199-1F63-4EDA-BF75-C941CF7E5A0D}.Debug|Any CPU.ActiveCfg = Debug|Any CPU
		{997B8199-1F63-4EDA-BF75-C941CF7E5A0D}.Debug|Any CPU.Build.0 = Debug|Any CPU
		{997B8199-1F63-4EDA-BF75-C941CF7E5A0D}.Release|Any CPU.ActiveCfg = Release|Any CPU
		{997B8199-1F63-4EDA-BF75-C941CF7E5A0D}.Release|Any CPU.Build.0 = Release|Any CPU
	EndGlobalSection
	GlobalSection(SolutionProperties) = preSolution
		HideSolutionNode = FALSE
	EndGlobalSection
	GlobalSection(ExtensibilityGlobals) = postSolution
		SolutionGuid = {F33635BE-D237-4309-BA1C-67C2BA6E7D8F}
	EndGlobalSection
EndGlobal
