
Microsoft Visual Studio Solution File, Format Version 12.00
# Visual Studio Version 17
VisualStudioVersion = 17.0.31423.177
MinimumVisualStudioVersion = 10.0.40219.1
Project("{FAE04EC0-301F-11D3-BF4B-00C04F79EFBC}") = "W2021.Helpers", "W2021.Helpers.csproj", "{DD6185AE-5974-4D23-844E-89D2A9173DFC}"
EndProject
Global
	GlobalSection(SolutionConfigurationPlatforms) = preSolution
		Debug|Any CPU = Debug|Any CPU
		Release|Any CPU = Release|Any CPU
	EndGlobalSection
	GlobalSection(ProjectConfigurationPlatforms) = postSolution
		{DD6185AE-5974-4D23-844E-89D2A9173DFC}.Debug|Any CPU.ActiveCfg = Debug|Any CPU
		{DD6185AE-5974-4D23-844E-89D2A9173DFC}.Debug|Any CPU.Build.0 = Debug|Any CPU
		{DD6185AE-5974-4D23-844E-89D2A9173DFC}.Release|Any CPU.ActiveCfg = Release|Any CPU
		{DD6185AE-5974-4D23-844E-89D2A9173DFC}.Release|Any CPU.Build.0 = Release|Any CPU
	EndGlobalSection
	GlobalSection(SolutionProperties) = preSolution
		HideSolutionNode = FALSE
	EndGlobalSection
	GlobalSection(ExtensibilityGlobals) = postSolution
		SolutionGuid = {5AD9087F-9A4E-40F7-8E07-0967DB05B528}
	EndGlobalSection
EndGlobal
