
Microsoft Visual Studio Solution File, Format Version 12.00
# Visual Studio Version 17
VisualStudioVersion = 17.0.31710.8
MinimumVisualStudioVersion = 10.0.40219.1
Project("{FAE04EC0-301F-11D3-BF4B-00C04F79EFBC}") = "Appolo.RifleChambers.QuizGame", "Appolo.RifleChambers.QuizGame.csproj", "{BDBF4243-F65E-440C-9D41-44D35A763DF5}"
EndProject
Global
	GlobalSection(SolutionConfigurationPlatforms) = preSolution
		Debug|Any CPU = Debug|Any CPU
		Release|Any CPU = Release|Any CPU
	EndGlobalSection
	GlobalSection(ProjectConfigurationPlatforms) = postSolution
		{BDBF4243-F65E-440C-9D41-44D35A763DF5}.Debug|Any CPU.ActiveCfg = Debug|Any CPU
		{BDBF4243-F65E-440C-9D41-44D35A763DF5}.Debug|Any CPU.Build.0 = Debug|Any CPU
		{BDBF4243-F65E-440C-9D41-44D35A763DF5}.Release|Any CPU.ActiveCfg = Release|Any CPU
		{BDBF4243-F65E-440C-9D41-44D35A763DF5}.Release|Any CPU.Build.0 = Release|Any CPU
	EndGlobalSection
	GlobalSection(SolutionProperties) = preSolution
		HideSolutionNode = FALSE
	EndGlobalSection
	GlobalSection(ExtensibilityGlobals) = postSolution
		SolutionGuid = {43B40B38-2948-4AD6-935F-B0F5EB961493}
	EndGlobalSection
EndGlobal
